
Microsoft Visual Studio Solution File, Format Version 12.00
# Visual Studio Version 18
VisualStudioVersion = 18.3.11426.168
MinimumVisualStudioVersion = 10.0.40219.1
Project("{FAE04EC0-301F-11D3-BF4B-00C04F79EFBC}") = "hospital-web", "hospital-web.csproj", "{BC516CA2-4F3A-4954-9D77-E9CE23E61949}"
EndProject
Project("{FAE04EC0-301F-11D3-BF4B-00C04F79EFBC}") = "Core", "..\Core\Core.csproj", "{FAA6FB78-A5FF-48AB-A756-2AE01389E44A}"
EndProject
Global
	GlobalSection(SolutionConfigurationPlatforms) = preSolution
		Debug|Any CPU = Debug|Any CPU
		Debug|x64 = Debug|x64
		Debug|x86 = Debug|x86
		Release|Any CPU = Release|Any CPU
		Release|x64 = Release|x64
		Release|x86 = Release|x86
	EndGlobalSection
	GlobalSection(ProjectConfigurationPlatforms) = postSolution
		{BC516CA2-4F3A-4954-9D77-E9CE23E61949}.Debug|Any CPU.ActiveCfg = Debug|Any CPU
		{BC516CA2-4F3A-4954-9D77-E9CE23E61949}.Debug|Any CPU.Build.0 = Debug|Any CPU
		{BC516CA2-4F3A-4954-9D77-E9CE23E61949}.Debug|x64.ActiveCfg = Debug|Any CPU
		{BC516CA2-4F3A-4954-9D77-E9CE23E61949}.Debug|x64.Build.0 = Debug|Any CPU
		{BC516CA2-4F3A-4954-9D77-E9CE23E61949}.Debug|x86.ActiveCfg = Debug|Any CPU
		{BC516CA2-4F3A-4954-9D77-E9CE23E61949}.Debug|x86.Build.0 = Debug|Any CPU
		{BC516CA2-4F3A-4954-9D77-E9CE23E61949}.Release|Any CPU.ActiveCfg = Release|Any CPU
		{BC516CA2-4F3A-4954-9D77-E9CE23E61949}.Release|Any CPU.Build.0 = Release|Any CPU
		{BC516CA2-4F3A-4954-9D77-E9CE23E61949}.Release|x64.ActiveCfg = Release|Any CPU
		{BC516CA2-4F3A-4954-9D77-E9CE23E61949}.Release|x64.Build.0 = Release|Any CPU
		{BC516CA2-4F3A-4954-9D77-E9CE23E61949}.Release|x86.ActiveCfg = Release|Any CPU
		{BC516CA2-4F3A-4954-9D77-E9CE23E61949}.Release|x86.Build.0 = Release|Any CPU
		{FAA6FB78-A5FF-48AB-A756-2AE01389E44A}.Debug|Any CPU.ActiveCfg = Debug|Any CPU
		{FAA6FB78-A5FF-48AB-A756-2AE01389E44A}.Debug|Any CPU.Build.0 = Debug|Any CPU
		{FAA6FB78-A5FF-48AB-A756-2AE01389E44A}.Debug|x64.ActiveCfg = Debug|Any CPU
		{FAA6FB78-A5FF-48AB-A756-2AE01389E44A}.Debug|x64.Build.0 = Debug|Any CPU
		{FAA6FB78-A5FF-48AB-A756-2AE01389E44A}.Debug|x86.ActiveCfg = Debug|Any CPU
		{FAA6FB78-A5FF-48AB-A756-2AE01389E44A}.Debug|x86.Build.0 = Debug|Any CPU
		{FAA6FB78-A5FF-48AB-A756-2AE01389E44A}.Release|Any CPU.ActiveCfg = Release|Any CPU
		{FAA6FB78-A5FF-48AB-A756-2AE01389E44A}.Release|Any CPU.Build.0 = Release|Any CPU
		{FAA6FB78-A5FF-48AB-A756-2AE01389E44A}.Release|x64.ActiveCfg = Release|Any CPU
		{FAA6FB78-A5FF-48AB-A756-2AE01389E44A}.Release|x64.Build.0 = Release|Any CPU
		{FAA6FB78-A5FF-48AB-A756-2AE01389E44A}.Release|x86.ActiveCfg = Release|Any CPU
		{FAA6FB78-A5FF-48AB-A756-2AE01389E44A}.Release|x86.Build.0 = Release|Any CPU
	EndGlobalSection
	GlobalSection(SolutionProperties) = preSolution
		HideSolutionNode = FALSE
	EndGlobalSection
	GlobalSection(ExtensibilityGlobals) = postSolution
		SolutionGuid = {8B4A0495-19BE-4165-A898-C95C5E8D4C69}
	EndGlobalSection
EndGlobal
